# Generated by pub
# See https://dart.dev/tools/pub/glossary#lockfile
packages:
  args:
    dependency: "direct main"
    description:
      name: args
      sha256: d0481093c50b1da8910eb0bb301626d4d8eb7284aa739614d2b394ee09e3ea04
      url: "https://pub.dev"
    source: hosted
    version: "2.7.0"
  git:
    dependency: "direct main"
    description:
      name: git
      sha256: de678c6f0d5e2761c2c3643d31b1010883cc4d3e352949ef7c15f98f27d676ea
      url: "https://pub.dev"
    source: hosted
    version: "2.3.1"
  path:
    dependency: transitive
    description:
      name: path
      sha256: "087ce49c3f0dc39180befefc60fdb4acd8f8620e5682fe2476afd0b3688bb4af"
      url: "https://pub.dev"
    source: hosted
    version: "1.9.0"
sdks:
  dart: ">=3.4.0 <4.0.0"
